
Microsoft Visual Studio Solution File, Format Version 11.00
# Visual Studio 2010
Project("{FAE04EC0-301F-11D3-BF4B-00C04F79EFBC}") = "MANSoftdev.SharePoint.StsadmEx", "MANSoftdev.SharePoint.StsadmEx.csproj", "{CC18C8E2-91B2-48D6-8540-B1A8EC024436}"
EndProject
Global
	GlobalSection(SolutionConfigurationPlatforms) = preSolution
		Debug|Any CPU = Debug|Any CPU
		Release|Any CPU = Release|Any CPU
	EndGlobalSection
	GlobalSection(ProjectConfigurationPlatforms) = postSolution
		{CC18C8E2-91B2-48D6-8540-B1A8EC024436}.Debug|Any CPU.ActiveCfg = Debug|Any CPU
		{CC18C8E2-91B2-48D6-8540-B1A8EC024436}.Debug|Any CPU.Build.0 = Debug|Any CPU
		{CC18C8E2-91B2-48D6-8540-B1A8EC024436}.Release|Any CPU.ActiveCfg = Release|Any CPU
		{CC18C8E2-91B2-48D6-8540-B1A8EC024436}.Release|Any CPU.Build.0 = Release|Any CPU
	EndGlobalSection
	GlobalSection(SolutionProperties) = preSolution
		HideSolutionNode = FALSE
	EndGlobalSection
EndGlobal
